
Microsoft Visual Studio Solution File, Format Version 12.00
# Visual Studio Version 17
VisualStudioVersion = 17.0.31903.59
MinimumVisualStudioVersion = 10.0.40219.1
Project("{FAE04EC0-301F-11D3-BF4B-00C04F79EFBC}") = "API", "API\API.csproj", "{4D7B8006-FB4C-4E70-BCE6-54A2C641B834}"
EndProject
Project("{FAE04EC0-301F-11D3-BF4B-00C04F79EFBC}") = "Application", "Application\Application.csproj", "{DBDC18F1-4AFD-4A3D-BF57-59A1234FB8FB}"
EndProject
Project("{FAE04EC0-301F-11D3-BF4B-00C04F79EFBC}") = "Domain", "Domain\Domain.csproj", "{EEAA506E-E941-48D1-90FB-2E3067C628BE}"
EndProject
Project("{FAE04EC0-301F-11D3-BF4B-00C04F79EFBC}") = "Persistence", "Persistence\Persistence.csproj", "{7FC5CC67-1989-4FD0-8F6B-4A1397442C9F}"
EndProject
Global
	GlobalSection(SolutionConfigurationPlatforms) = preSolution
		Debug|Any CPU = Debug|Any CPU
		Release|Any CPU = Release|Any CPU
	EndGlobalSection
	GlobalSection(SolutionProperties) = preSolution
		HideSolutionNode = FALSE
	EndGlobalSection
	GlobalSection(ProjectConfigurationPlatforms) = postSolution
		{4D7B8006-FB4C-4E70-BCE6-54A2C641B834}.Debug|Any CPU.ActiveCfg = Debug|Any CPU
		{4D7B8006-FB4C-4E70-BCE6-54A2C641B834}.Debug|Any CPU.Build.0 = Debug|Any CPU
		{4D7B8006-FB4C-4E70-BCE6-54A2C641B834}.Release|Any CPU.ActiveCfg = Release|Any CPU
		{4D7B8006-FB4C-4E70-BCE6-54A2C641B834}.Release|Any CPU.Build.0 = Release|Any CPU
		{DBDC18F1-4AFD-4A3D-BF57-59A1234FB8FB}.Debug|Any CPU.ActiveCfg = Debug|Any CPU
		{DBDC18F1-4AFD-4A3D-BF57-59A1234FB8FB}.Debug|Any CPU.Build.0 = Debug|Any CPU
		{DBDC18F1-4AFD-4A3D-BF57-59A1234FB8FB}.Release|Any CPU.ActiveCfg = Release|Any CPU
		{DBDC18F1-4AFD-4A3D-BF57-59A1234FB8FB}.Release|Any CPU.Build.0 = Release|Any CPU
		{EEAA506E-E941-48D1-90FB-2E3067C628BE}.Debug|Any CPU.ActiveCfg = Debug|Any CPU
		{EEAA506E-E941-48D1-90FB-2E3067C628BE}.Debug|Any CPU.Build.0 = Debug|Any CPU
		{EEAA506E-E941-48D1-90FB-2E3067C628BE}.Release|Any CPU.ActiveCfg = Release|Any CPU
		{EEAA506E-E941-48D1-90FB-2E3067C628BE}.Release|Any CPU.Build.0 = Release|Any CPU
		{7FC5CC67-1989-4FD0-8F6B-4A1397442C9F}.Debug|Any CPU.ActiveCfg = Debug|Any CPU
		{7FC5CC67-1989-4FD0-8F6B-4A1397442C9F}.Debug|Any CPU.Build.0 = Debug|Any CPU
		{7FC5CC67-1989-4FD0-8F6B-4A1397442C9F}.Release|Any CPU.ActiveCfg = Release|Any CPU
		{7FC5CC67-1989-4FD0-8F6B-4A1397442C9F}.Release|Any CPU.Build.0 = Release|Any CPU
	EndGlobalSection
EndGlobal
